// !$*UTF8*$!
{
	archiveVersion = 1;
	classes = {
	};
	objectVersion = 56;
	objects = {

/* Begin PBXBuildFile section */
		D009952A2C4803DF002277C4 /* RickAndMortyAPI.swift in Sources */ = {isa = PBXBuildFile; fileRef = D00995292C4803DF002277C4 /* RickAndMortyAPI.swift */; };
		D009952C2C480526002277C4 /* CharactersViewModel.swift in Sources */ = {isa = PBXBuildFile; fileRef = D009952B2C480526002277C4 /* CharactersViewModel.swift */; };
		D00995322C481BA5002277C4 /* ColorExt.swift in Sources */ = {isa = PBXBuildFile; fileRef = D00995312C481BA5002277C4 /* ColorExt.swift */; };
		D035432B2C4552C900B7B3EB /* RickApp.swift in Sources */ = {isa = PBXBuildFile; fileRef = D035432A2C4552C900B7B3EB /* RickApp.swift */; };
		D035432D2C4552C900B7B3EB /* CharactersView.swift in Sources */ = {isa = PBXBuildFile; fileRef = D035432C2C4552C900B7B3EB /* CharactersView.swift */; };
		D035432F2C4552CE00B7B3EB /* Assets.xcassets in Resources */ = {isa = PBXBuildFile; fileRef = D035432E2C4552CE00B7B3EB /* Assets.xcassets */; };
		D03543322C4552CE00B7B3EB /* Preview Assets.xcassets in Resources */ = {isa = PBXBuildFile; fileRef = D03543312C4552CE00B7B3EB /* Preview Assets.xcassets */; };
		D03543392C456E5800B7B3EB /* CharacterDetailsView.swift in Sources */ = {isa = PBXBuildFile; fileRef = D03543382C456E5800B7B3EB /* CharacterDetailsView.swift */; };
		D035433B2C4581A900B7B3EB /* CharacterListItem.swift in Sources */ = {isa = PBXBuildFile; fileRef = D035433A2C4581A900B7B3EB /* CharacterListItem.swift */; };
		D0F71DA82C493B780031B320 /* CharacterDetailsViewModel.swift in Sources */ = {isa = PBXBuildFile; fileRef = D0F71DA72C493B780031B320 /* CharacterDetailsViewModel.swift */; };
		D0F71DAA2C49478D0031B320 /* EpisodeResponse.swift in Sources */ = {isa = PBXBuildFile; fileRef = D0F71DA92C49478D0031B320 /* EpisodeResponse.swift */; };
		D0F71DAD2C494A360031B320 /* CharacterRepository.swift in Sources */ = {isa = PBXBuildFile; fileRef = D0F71DAC2C494A360031B320 /* CharacterRepository.swift */; };
		D0F71DB12C494AC50031B320 /* Character.swift in Sources */ = {isa = PBXBuildFile; fileRef = D0F71DB02C494AC50031B320 /* Character.swift */; };
		D0F71DB32C494D4D0031B320 /* IdentifiableError.swift in Sources */ = {isa = PBXBuildFile; fileRef = D0F71DB22C494D4D0031B320 /* IdentifiableError.swift */; };
		D0F917DE2C47EC8A00D47245 /* IBMPlexSans-Medium.ttf in Resources */ = {isa = PBXBuildFile; fileRef = D0F917DD2C47EC8A00D47245 /* IBMPlexSans-Medium.ttf */; };
		D0F917E02C47ECA800D47245 /* IBMPlexSans-Bold.ttf in Resources */ = {isa = PBXBuildFile; fileRef = D0F917DF2C47ECA800D47245 /* IBMPlexSans-Bold.ttf */; };
		D0F917E22C47ECCD00D47245 /* IBMPlexSans-SemiBold.ttf in Resources */ = {isa = PBXBuildFile; fileRef = D0F917E12C47ECCD00D47245 /* IBMPlexSans-SemiBold.ttf */; };
		D0F917E42C47ECF000D47245 /* IBMPlexSans-Regular.ttf in Resources */ = {isa = PBXBuildFile; fileRef = D0F917E32C47ECF000D47245 /* IBMPlexSans-Regular.ttf */; };
		D0F917E62C47F0F300D47245 /* CharactersAPIResponse.swift in Sources */ = {isa = PBXBuildFile; fileRef = D0F917E52C47F0F300D47245 /* CharactersAPIResponse.swift */; };
/* End PBXBuildFile section */

/* Begin PBXFileReference section */
		D00995292C4803DF002277C4 /* RickAndMortyAPI.swift */ = {isa = PBXFileReference; lastKnownFileType = sourcecode.swift; path = RickAndMortyAPI.swift; sourceTree = "<group>"; };
		D009952B2C480526002277C4 /* CharactersViewModel.swift */ = {isa = PBXFileReference; lastKnownFileType = sourcecode.swift; path = CharactersViewModel.swift; sourceTree = "<group>"; };
		D00995312C481BA5002277C4 /* ColorExt.swift */ = {isa = PBXFileReference; lastKnownFileType = sourcecode.swift; path = ColorExt.swift; sourceTree = "<group>"; };
		D03543272C4552C900B7B3EB /* Rick.app */ = {isa = PBXFileReference; explicitFileType = wrapper.application; includeInIndex = 0; path = Rick.app; sourceTree = BUILT_PRODUCTS_DIR; };
		D035432A2C4552C900B7B3EB /* RickApp.swift */ = {isa = PBXFileReference; lastKnownFileType = sourcecode.swift; path = RickApp.swift; sourceTree = "<group>"; };
		D035432C2C4552C900B7B3EB /* CharactersView.swift */ = {isa = PBXFileReference; lastKnownFileType = sourcecode.swift; path = CharactersView.swift; sourceTree = "<group>"; };
		D035432E2C4552CE00B7B3EB /* Assets.xcassets */ = {isa = PBXFileReference; lastKnownFileType = folder.assetcatalog; path = Assets.xcassets; sourceTree = "<group>"; };
		D03543312C4552CE00B7B3EB /* Preview Assets.xcassets */ = {isa = PBXFileReference; lastKnownFileType = folder.assetcatalog; path = "Preview Assets.xcassets"; sourceTree = "<group>"; };
		D03543382C456E5800B7B3EB /* CharacterDetailsView.swift */ = {isa = PBXFileReference; lastKnownFileType = sourcecode.swift; path = CharacterDetailsView.swift; sourceTree = "<group>"; };
		D035433A2C4581A900B7B3EB /* CharacterListItem.swift */ = {isa = PBXFileReference; lastKnownFileType = sourcecode.swift; path = CharacterListItem.swift; sourceTree = "<group>"; };
		D0F71DA72C493B780031B320 /* CharacterDetailsViewModel.swift */ = {isa = PBXFileReference; lastKnownFileType = sourcecode.swift; path = CharacterDetailsViewModel.swift; sourceTree = "<group>"; };
		D0F71DA92C49478D0031B320 /* EpisodeResponse.swift */ = {isa = PBXFileReference; lastKnownFileType = sourcecode.swift; path = EpisodeResponse.swift; sourceTree = "<group>"; };
		D0F71DAC2C494A360031B320 /* CharacterRepository.swift */ = {isa = PBXFileReference; lastKnownFileType = sourcecode.swift; path = CharacterRepository.swift; sourceTree = "<group>"; };
		D0F71DB02C494AC50031B320 /* Character.swift */ = {isa = PBXFileReference; lastKnownFileType = sourcecode.swift; path = Character.swift; sourceTree = "<group>"; };
		D0F71DB22C494D4D0031B320 /* IdentifiableError.swift */ = {isa = PBXFileReference; lastKnownFileType = sourcecode.swift; path = IdentifiableError.swift; sourceTree = "<group>"; };
		D0F917DA2C47E94900D47245 /* Info.plist */ = {isa = PBXFileReference; lastKnownFileType = text.plist.xml; path = Info.plist; sourceTree = "<group>"; };
		D0F917DD2C47EC8A00D47245 /* IBMPlexSans-Medium.ttf */ = {isa = PBXFileReference; lastKnownFileType = file; path = "IBMPlexSans-Medium.ttf"; sourceTree = "<group>"; };
		D0F917DF2C47ECA800D47245 /* IBMPlexSans-Bold.ttf */ = {isa = PBXFileReference; lastKnownFileType = file; path = "IBMPlexSans-Bold.ttf"; sourceTree = "<group>"; };
		D0F917E12C47ECCD00D47245 /* IBMPlexSans-SemiBold.ttf */ = {isa = PBXFileReference; lastKnownFileType = file; path = "IBMPlexSans-SemiBold.ttf"; sourceTree = "<group>"; };
		D0F917E32C47ECF000D47245 /* IBMPlexSans-Regular.ttf */ = {isa = PBXFileReference; lastKnownFileType = file; path = "IBMPlexSans-Regular.ttf"; sourceTree = "<group>"; };
		D0F917E52C47F0F300D47245 /* CharactersAPIResponse.swift */ = {isa = PBXFileReference; lastKnownFileType = sourcecode.swift; path = CharactersAPIResponse.swift; sourceTree = "<group>"; };
/* End PBXFileReference section */

/* Begin PBXFrameworksBuildPhase section */
		D03543242C4552C900B7B3EB /* Frameworks */ = {
			isa = PBXFrameworksBuildPhase;
			buildActionMask = 2147483647;
			files = (
			);
			runOnlyForDeploymentPostprocessing = 0;
		};
/* End PBXFrameworksBuildPhase section */

/* Begin PBXGroup section */
		D035431E2C4552C900B7B3EB = {
			isa = PBXGroup;
			children = (
				D03543292C4552C900B7B3EB /* Rick */,
				D03543282C4552C900B7B3EB /* Products */,
			);
			sourceTree = "<group>";
		};
		D03543282C4552C900B7B3EB /* Products */ = {
			isa = PBXGroup;
			children = (
				D03543272C4552C900B7B3EB /* Rick.app */,
			);
			name = Products;
			sourceTree = "<group>";
		};
		D03543292C4552C900B7B3EB /* Rick */ = {
			isa = PBXGroup;
			children = (
				D035432A2C4552C900B7B3EB /* RickApp.swift */,
				D0F917DA2C47E94900D47245 /* Info.plist */,
				D035433E2C46A2F100B7B3EB /* Scenes */,
				D0F917D72C47E6C300D47245 /* Fonts */,
				D03543302C4552CE00B7B3EB /* Preview Content */,
			);
			path = Rick;
			sourceTree = "<group>";
		};
		D03543302C4552CE00B7B3EB /* Preview Content */ = {
			isa = PBXGroup;
			children = (
				D035432E2C4552CE00B7B3EB /* Assets.xcassets */,
				D03543312C4552CE00B7B3EB /* Preview Assets.xcassets */,
			);
			path = "Preview Content";
			sourceTree = "<group>";
		};
		D035433E2C46A2F100B7B3EB /* Scenes */ = {
			isa = PBXGroup;
			children = (
				D0F71DAB2C494A1F0031B320 /* domain */,
				D0F71DA42C492F4C0031B320 /* util */,
				D0F71DA02C492F0C0031B320 /* data */,
				D0F71D9F2C492E2E0031B320 /* character_details */,
				D0F71D9E2C492E130031B320 /* characters */,
			);
			path = Scenes;
			sourceTree = "<group>";
		};
		D0F71D9E2C492E130031B320 /* characters */ = {
			isa = PBXGroup;
			children = (
				D009952B2C480526002277C4 /* CharactersViewModel.swift */,
				D035432C2C4552C900B7B3EB /* CharactersView.swift */,
				D035433A2C4581A900B7B3EB /* CharacterListItem.swift */,
			);
			path = characters;
			sourceTree = "<group>";
		};
		D0F71D9F2C492E2E0031B320 /* character_details */ = {
			isa = PBXGroup;
			children = (
				D03543382C456E5800B7B3EB /* CharacterDetailsView.swift */,
				D0F71DA72C493B780031B320 /* CharacterDetailsViewModel.swift */,
			);
			path = character_details;
			sourceTree = "<group>";
		};
		D0F71DA02C492F0C0031B320 /* data */ = {
			isa = PBXGroup;
			children = (
				D0F71DA22C492F1C0031B320 /* local */,
				D0F71DA12C492F150031B320 /* remote */,
			);
			path = data;
			sourceTree = "<group>";
		};
		D0F71DA12C492F150031B320 /* remote */ = {
			isa = PBXGroup;
			children = (
				D0F71DA32C492F2C0031B320 /* model */,
				D00995292C4803DF002277C4 /* RickAndMortyAPI.swift */,
			);
			path = remote;
			sourceTree = "<group>";
		};
		D0F71DA22C492F1C0031B320 /* local */ = {
			isa = PBXGroup;
			children = (
			);
			path = local;
			sourceTree = "<group>";
		};
		D0F71DA32C492F2C0031B320 /* model */ = {
			isa = PBXGroup;
			children = (
				D0F917E52C47F0F300D47245 /* CharactersAPIResponse.swift */,
				D0F71DA92C49478D0031B320 /* EpisodeResponse.swift */,
			);
			path = model;
			sourceTree = "<group>";
		};
		D0F71DA42C492F4C0031B320 /* util */ = {
			isa = PBXGroup;
			children = (
				D00995312C481BA5002277C4 /* ColorExt.swift */,
			);
			path = util;
			sourceTree = "<group>";
		};
		D0F71DAB2C494A1F0031B320 /* domain */ = {
			isa = PBXGroup;
			children = (
				D0F71DAF2C494A770031B320 /* model */,
				D0F71DAE2C494A700031B320 /* repository */,
			);
			path = domain;
			sourceTree = "<group>";
		};
		D0F71DAE2C494A700031B320 /* repository */ = {
			isa = PBXGroup;
			children = (
				D0F71DAC2C494A360031B320 /* CharacterRepository.swift */,
			);
			path = repository;
			sourceTree = "<group>";
		};
		D0F71DAF2C494A770031B320 /* model */ = {
			isa = PBXGroup;
			children = (
				D0F71DB02C494AC50031B320 /* Character.swift */,
				D0F71DB22C494D4D0031B320 /* IdentifiableError.swift */,
			);
			path = model;
			sourceTree = "<group>";
		};
		D0F917D72C47E6C300D47245 /* Fonts */ = {
			isa = PBXGroup;
			children = (
				D0F917DD2C47EC8A00D47245 /* IBMPlexSans-Medium.ttf */,
				D0F917DF2C47ECA800D47245 /* IBMPlexSans-Bold.ttf */,
				D0F917E12C47ECCD00D47245 /* IBMPlexSans-SemiBold.ttf */,
				D0F917E32C47ECF000D47245 /* IBMPlexSans-Regular.ttf */,
			);
			path = Fonts;
			sourceTree = "<group>";
		};
/* End PBXGroup section */

/* Begin PBXNativeTarget section */
		D03543262C4552C900B7B3EB /* Rick */ = {
			isa = PBXNativeTarget;
			buildConfigurationList = D03543352C4552CE00B7B3EB /* Build configuration list for PBXNativeTarget "Rick" */;
			buildPhases = (
				D03543232C4552C900B7B3EB /* Sources */,
				D03543242C4552C900B7B3EB /* Frameworks */,
				D03543252C4552C900B7B3EB /* Resources */,
			);
			buildRules = (
			);
			dependencies = (
			);
			name = Rick;
			productName = Rick;
			productReference = D03543272C4552C900B7B3EB /* Rick.app */;
			productType = "com.apple.product-type.application";
		};
/* End PBXNativeTarget section */

/* Begin PBXProject section */
		D035431F2C4552C900B7B3EB /* Project object */ = {
			isa = PBXProject;
			attributes = {
				BuildIndependentTargetsInParallel = 1;
				LastSwiftUpdateCheck = 1500;
				LastUpgradeCheck = 1500;
				TargetAttributes = {
					D03543262C4552C900B7B3EB = {
						CreatedOnToolsVersion = 15.0.1;
					};
				};
			};
			buildConfigurationList = D03543222C4552C900B7B3EB /* Build configuration list for PBXProject "Rick" */;
			compatibilityVersion = "Xcode 14.0";
			developmentRegion = en;
			hasScannedForEncodings = 0;
			knownRegions = (
				en,
				Base,
			);
			mainGroup = D035431E2C4552C900B7B3EB;
			productRefGroup = D03543282C4552C900B7B3EB /* Products */;
			projectDirPath = "";
			projectRoot = "";
			targets = (
				D03543262C4552C900B7B3EB /* Rick */,
			);
		};
/* End PBXProject section */

/* Begin PBXResourcesBuildPhase section */
		D03543252C4552C900B7B3EB /* Resources */ = {
			isa = PBXResourcesBuildPhase;
			buildActionMask = 2147483647;
			files = (
				D03543322C4552CE00B7B3EB /* Preview Assets.xcassets in Resources */,
				D0F917E02C47ECA800D47245 /* IBMPlexSans-Bold.ttf in Resources */,
				D0F917E42C47ECF000D47245 /* IBMPlexSans-Regular.ttf in Resources */,
				D035432F2C4552CE00B7B3EB /* Assets.xcassets in Resources */,
				D0F917DE2C47EC8A00D47245 /* IBMPlexSans-Medium.ttf in Resources */,
				D0F917E22C47ECCD00D47245 /* IBMPlexSans-SemiBold.ttf in Resources */,
			);
			runOnlyForDeploymentPostprocessing = 0;
		};
/* End PBXResourcesBuildPhase section */

/* Begin PBXSourcesBuildPhase section */
		D03543232C4552C900B7B3EB /* Sources */ = {
			isa = PBXSourcesBuildPhase;
			buildActionMask = 2147483647;
			files = (
				D03543392C456E5800B7B3EB /* CharacterDetailsView.swift in Sources */,
				D00995322C481BA5002277C4 /* ColorExt.swift in Sources */,
				D035432D2C4552C900B7B3EB /* CharactersView.swift in Sources */,
				D0F71DB12C494AC50031B320 /* Character.swift in Sources */,
				D0F71DAA2C49478D0031B320 /* EpisodeResponse.swift in Sources */,
				D0F71DB32C494D4D0031B320 /* IdentifiableError.swift in Sources */,
				D009952C2C480526002277C4 /* CharactersViewModel.swift in Sources */,
				D0F71DAD2C494A360031B320 /* CharacterRepository.swift in Sources */,
				D0F917E62C47F0F300D47245 /* CharactersAPIResponse.swift in Sources */,
				D0F71DA82C493B780031B320 /* CharacterDetailsViewModel.swift in Sources */,
				D035433B2C4581A900B7B3EB /* CharacterListItem.swift in Sources */,
				D035432B2C4552C900B7B3EB /* RickApp.swift in Sources */,
				D009952A2C4803DF002277C4 /* RickAndMortyAPI.swift in Sources */,
			);
			runOnlyForDeploymentPostprocessing = 0;
		};
/* End PBXSourcesBuildPhase section */

/* Begin XCBuildConfiguration section */
		D03543332C4552CE00B7B3EB /* Debug */ = {
			isa = XCBuildConfiguration;
			buildSettings = {
				ALWAYS_SEARCH_USER_PATHS = NO;
				ASSETCATALOG_COMPILER_GENERATE_SWIFT_ASSET_SYMBOL_EXTENSIONS = YES;
				CLANG_ANALYZER_NONNULL = YES;
				CLANG_ANALYZER_NUMBER_OBJECT_CONVERSION = YES_AGGRESSIVE;
				CLANG_CXX_LANGUAGE_STANDARD = "gnu++20";
				CLANG_ENABLE_MODULES = YES;
				CLANG_ENABLE_OBJC_ARC = YES;
				CLANG_ENABLE_OBJC_WEAK = YES;
				CLANG_WARN_BLOCK_CAPTURE_AUTORELEASING = YES;
				CLANG_WARN_BOOL_CONVERSION = YES;
				CLANG_WARN_COMMA = YES;
				CLANG_WARN_CONSTANT_CONVERSION = YES;
				CLANG_WARN_DEPRECATED_OBJC_IMPLEMENTATIONS = YES;
				CLANG_WARN_DIRECT_OBJC_ISA_USAGE = YES_ERROR;
				CLANG_WARN_DOCUMENTATION_COMMENTS = YES;
				CLANG_WARN_EMPTY_BODY = YES;
				CLANG_WARN_ENUM_CONVERSION = YES;
				CLANG_WARN_INFINITE_RECURSION = YES;
				CLANG_WARN_INT_CONVERSION = YES;
				CLANG_WARN_NON_LITERAL_NULL_CONVERSION = YES;
				CLANG_WARN_OBJC_IMPLICIT_RETAIN_SELF = YES;
				CLANG_WARN_OBJC_LITERAL_CONVERSION = YES;
				CLANG_WARN_OBJC_ROOT_CLASS = YES_ERROR;
				CLANG_WARN_QUOTED_INCLUDE_IN_FRAMEWORK_HEADER = YES;
				CLANG_WARN_RANGE_LOOP_ANALYSIS = YES;
				CLANG_WARN_STRICT_PROTOTYPES = YES;
				CLANG_WARN_SUSPICIOUS_MOVE = YES;
				CLANG_WARN_UNGUARDED_AVAILABILITY = YES_AGGRESSIVE;
				CLANG_WARN_UNREACHABLE_CODE = YES;
				CLANG_WARN__DUPLICATE_METHOD_MATCH = YES;
				COPY_PHASE_STRIP = NO;
				DEBUG_INFORMATION_FORMAT = dwarf;
				ENABLE_STRICT_OBJC_MSGSEND = YES;
				ENABLE_TESTABILITY = YES;
				ENABLE_USER_SCRIPT_SANDBOXING = YES;
				GCC_C_LANGUAGE_STANDARD = gnu17;
				GCC_DYNAMIC_NO_PIC = NO;
				GCC_NO_COMMON_BLOCKS = YES;
				GCC_OPTIMIZATION_LEVEL = 0;
				GCC_PREPROCESSOR_DEFINITIONS = (
					"DEBUG=1",
					"$(inherited)",
				);
				GCC_WARN_64_TO_32_BIT_CONVERSION = YES;
				GCC_WARN_ABOUT_RETURN_TYPE = YES_ERROR;
				GCC_WARN_UNDECLARED_SELECTOR = YES;
				GCC_WARN_UNINITIALIZED_AUTOS = YES_AGGRESSIVE;
				GCC_WARN_UNUSED_FUNCTION = YES;
				GCC_WARN_UNUSED_VARIABLE = YES;
				IPHONEOS_DEPLOYMENT_TARGET = 17.0;
				LOCALIZATION_PREFERS_STRING_CATALOGS = YES;
				MTL_ENABLE_DEBUG_INFO = INCLUDE_SOURCE;
				MTL_FAST_MATH = YES;
				ONLY_ACTIVE_ARCH = YES;
				SDKROOT = iphoneos;
				SWIFT_ACTIVE_COMPILATION_CONDITIONS = "DEBUG $(inherited)";
				SWIFT_OPTIMIZATION_LEVEL = "-Onone";
			};
			name = Debug;
		};
		D03543342C4552CE00B7B3EB /* Release */ = {
			isa = XCBuildConfiguration;
			buildSettings = {
				ALWAYS_SEARCH_USER_PATHS = NO;
				ASSETCATALOG_COMPILER_GENERATE_SWIFT_ASSET_SYMBOL_EXTENSIONS = YES;
				CLANG_ANALYZER_NONNULL = YES;
				CLANG_ANALYZER_NUMBER_OBJECT_CONVERSION = YES_AGGRESSIVE;
				CLANG_CXX_LANGUAGE_STANDARD = "gnu++20";
				CLANG_ENABLE_MODULES = YES;
				CLANG_ENABLE_OBJC_ARC = YES;
				CLANG_ENABLE_OBJC_WEAK = YES;
				CLANG_WARN_BLOCK_CAPTURE_AUTORELEASING = YES;
				CLANG_WARN_BOOL_CONVERSION = YES;
				CLANG_WARN_COMMA = YES;
				CLANG_WARN_CONSTANT_CONVERSION = YES;
				CLANG_WARN_DEPRECATED_OBJC_IMPLEMENTATIONS = YES;
				CLANG_WARN_DIRECT_OBJC_ISA_USAGE = YES_ERROR;
				CLANG_WARN_DOCUMENTATION_COMMENTS = YES;
				CLANG_WARN_EMPTY_BODY = YES;
				CLANG_WARN_ENUM_CONVERSION = YES;
				CLANG_WARN_INFINITE_RECURSION = YES;
				CLANG_WARN_INT_CONVERSION = YES;
				CLANG_WARN_NON_LITERAL_NULL_CONVERSION = YES;
				CLANG_WARN_OBJC_IMPLICIT_RETAIN_SELF = YES;
				CLANG_WARN_OBJC_LITERAL_CONVERSION = YES;
				CLANG_WARN_OBJC_ROOT_CLASS = YES_ERROR;
				CLANG_WARN_QUOTED_INCLUDE_IN_FRAMEWORK_HEADER = YES;
				CLANG_WARN_RANGE_LOOP_ANALYSIS = YES;
				CLANG_WARN_STRICT_PROTOTYPES = YES;
				CLANG_WARN_SUSPICIOUS_MOVE = YES;
				CLANG_WARN_UNGUARDED_AVAILABILITY = YES_AGGRESSIVE;
				CLANG_WARN_UNREACHABLE_CODE = YES;
				CLANG_WARN__DUPLICATE_METHOD_MATCH = YES;
				COPY_PHASE_STRIP = NO;
				DEBUG_INFORMATION_FORMAT = "dwarf-with-dsym";
				ENABLE_NS_ASSERTIONS = NO;
				ENABLE_STRICT_OBJC_MSGSEND = YES;
				ENABLE_USER_SCRIPT_SANDBOXING = YES;
				GCC_C_LANGUAGE_STANDARD = gnu17;
				GCC_NO_COMMON_BLOCKS = YES;
				GCC_WARN_64_TO_32_BIT_CONVERSION = YES;
				GCC_WARN_ABOUT_RETURN_TYPE = YES_ERROR;
				GCC_WARN_UNDECLARED_SELECTOR = YES;
				GCC_WARN_UNINITIALIZED_AUTOS = YES_AGGRESSIVE;
				GCC_WARN_UNUSED_FUNCTION = YES;
				GCC_WARN_UNUSED_VARIABLE = YES;
				IPHONEOS_DEPLOYMENT_TARGET = 17.0;
				LOCALIZATION_PREFERS_STRING_CATALOGS = YES;
				MTL_ENABLE_DEBUG_INFO = NO;
				MTL_FAST_MATH = YES;
				SDKROOT = iphoneos;
				SWIFT_COMPILATION_MODE = wholemodule;
				VALIDATE_PRODUCT = YES;
			};
			name = Release;
		};
		D03543362C4552CE00B7B3EB /* Debug */ = {
			isa = XCBuildConfiguration;
			buildSettings = {
				ASSETCATALOG_COMPILER_APPICON_NAME = AppIcon;
				ASSETCATALOG_COMPILER_GLOBAL_ACCENT_COLOR_NAME = AccentColor;
				CODE_SIGN_STYLE = Automatic;
				CURRENT_PROJECT_VERSION = 1;
				DEVELOPMENT_ASSET_PATHS = "\"Rick/Preview Content\"";
				ENABLE_PREVIEWS = YES;
				GENERATE_INFOPLIST_FILE = YES;
				INFOPLIST_FILE = Rick/Info.plist;
				INFOPLIST_KEY_UIApplicationSceneManifest_Generation = YES;
				INFOPLIST_KEY_UIApplicationSupportsIndirectInputEvents = YES;
				INFOPLIST_KEY_UILaunchScreen_Generation = YES;
				INFOPLIST_KEY_UISupportedInterfaceOrientations_iPad = "UIInterfaceOrientationPortrait UIInterfaceOrientationPortraitUpsideDown UIInterfaceOrientationLandscapeLeft UIInterfaceOrientationLandscapeRight";
				INFOPLIST_KEY_UISupportedInterfaceOrientations_iPhone = "UIInterfaceOrientationPortrait UIInterfaceOrientationLandscapeLeft UIInterfaceOrientationLandscapeRight";
				LD_RUNPATH_SEARCH_PATHS = (
					"$(inherited)",
					"@executable_path/Frameworks",
				);
				MARKETING_VERSION = 1.0;
				PRODUCT_BUNDLE_IDENTIFIER = Lukav.Rick;
				PRODUCT_NAME = "$(TARGET_NAME)";
				SWIFT_EMIT_LOC_STRINGS = YES;
				SWIFT_VERSION = 5.0;
				TARGETED_DEVICE_FAMILY = "1,2";
			};
			name = Debug;
		};
		D03543372C4552CE00B7B3EB /* Release */ = {
			isa = XCBuildConfiguration;
			buildSettings = {
				ASSETCATALOG_COMPILER_APPICON_NAME = AppIcon;
				ASSETCATALOG_COMPILER_GLOBAL_ACCENT_COLOR_NAME = AccentColor;
				CODE_SIGN_STYLE = Automatic;
				CURRENT_PROJECT_VERSION = 1;
				DEVELOPMENT_ASSET_PATHS = "\"Rick/Preview Content\"";
				ENABLE_PREVIEWS = YES;
				GENERATE_INFOPLIST_FILE = YES;
				INFOPLIST_FILE = Rick/Info.plist;
				INFOPLIST_KEY_UIApplicationSceneManifest_Generation = YES;
				INFOPLIST_KEY_UIApplicationSupportsIndirectInputEvents = YES;
				INFOPLIST_KEY_UILaunchScreen_Generation = YES;
				INFOPLIST_KEY_UISupportedInterfaceOrientations_iPad = "UIInterfaceOrientationPortrait UIInterfaceOrientationPortraitUpsideDown UIInterfaceOrientationLandscapeLeft UIInterfaceOrientationLandscapeRight";
				INFOPLIST_KEY_UISupportedInterfaceOrientations_iPhone = "UIInterfaceOrientationPortrait UIInterfaceOrientationLandscapeLeft UIInterfaceOrientationLandscapeRight";
				LD_RUNPATH_SEARCH_PATHS = (
					"$(inherited)",
					"@executable_path/Frameworks",
				);
				MARKETING_VERSION = 1.0;
				PRODUCT_BUNDLE_IDENTIFIER = Lukav.Rick;
				PRODUCT_NAME = "$(TARGET_NAME)";
				SWIFT_EMIT_LOC_STRINGS = YES;
				SWIFT_VERSION = 5.0;
				TARGETED_DEVICE_FAMILY = "1,2";
			};
			name = Release;
		};
/* End XCBuildConfiguration section */

/* Begin XCConfigurationList section */
		D03543222C4552C900B7B3EB /* Build configuration list for PBXProject "Rick" */ = {
			isa = XCConfigurationList;
			buildConfigurations = (
				D03543332C4552CE00B7B3EB /* Debug */,
				D03543342C4552CE00B7B3EB /* Release */,
			);
			defaultConfigurationIsVisible = 0;
			defaultConfigurationName = Release;
		};
		D03543352C4552CE00B7B3EB /* Build configuration list for PBXNativeTarget "Rick" */ = {
			isa = XCConfigurationList;
			buildConfigurations = (
				D03543362C4552CE00B7B3EB /* Debug */,
				D03543372C4552CE00B7B3EB /* Release */,
			);
			defaultConfigurationIsVisible = 0;
			defaultConfigurationName = Release;
		};
/* End XCConfigurationList section */
	};
	rootObject = D035431F2C4552C900B7B3EB /* Project object */;
}
